
Microsoft Visual Studio Solution File, Format Version 12.00
# Visual Studio Version 16
VisualStudioVersion = 16.0.29411.108
MinimumVisualStudioVersion = 10.0.40219.1
Project("{FAE04EC0-301F-11D3-BF4B-00C04F79EFBC}") = "EventManageWPF", "EventManageWPF\EventManageWPF.csproj", "{635FAD68-1699-438F-A1C5-751C26CC71B6}"
EndProject
Global
	GlobalSection(SolutionConfigurationPlatforms) = preSolution
		Debug|Any CPU = Debug|Any CPU
		Release|Any CPU = Release|Any CPU
	EndGlobalSection
	GlobalSection(ProjectConfigurationPlatforms) = postSolution
		{635FAD68-1699-438F-A1C5-751C26CC71B6}.Debug|Any CPU.ActiveCfg = Debug|Any CPU
		{635FAD68-1699-438F-A1C5-751C26CC71B6}.Debug|Any CPU.Build.0 = Debug|Any CPU
		{635FAD68-1699-438F-A1C5-751C26CC71B6}.Release|Any CPU.ActiveCfg = Release|Any CPU
		{635FAD68-1699-438F-A1C5-751C26CC71B6}.Release|Any CPU.Build.0 = Release|Any CPU
	EndGlobalSection
	GlobalSection(SolutionProperties) = preSolution
		HideSolutionNode = FALSE
	EndGlobalSection
	GlobalSection(ExtensibilityGlobals) = postSolution
		SolutionGuid = {FFF098AC-E1CF-413D-A025-24B4E67ABE57}
	EndGlobalSection
EndGlobal
